
Microsoft Visual Studio Solution File, Format Version 12.00
# Visual Studio Version 17
VisualStudioVersion = 17.10.35027.167
MinimumVisualStudioVersion = 10.0.40219.1
Project("{FAE04EC0-301F-11D3-BF4B-00C04F79EFBC}") = "Eshop", "Eshop\Eshop.csproj", "{E5795137-97E9-4F5C-89AD-2D0BFC44D85F}"
EndProject
Global
	GlobalSection(SolutionConfigurationPlatforms) = preSolution
		Debug|Any CPU = Debug|Any CPU
		Release|Any CPU = Release|Any CPU
	EndGlobalSection
	GlobalSection(ProjectConfigurationPlatforms) = postSolution
		{E5795137-97E9-4F5C-89AD-2D0BFC44D85F}.Debug|Any CPU.ActiveCfg = Debug|Any CPU
		{E5795137-97E9-4F5C-89AD-2D0BFC44D85F}.Debug|Any CPU.Build.0 = Debug|Any CPU
		{E5795137-97E9-4F5C-89AD-2D0BFC44D85F}.Release|Any CPU.ActiveCfg = Release|Any CPU
		{E5795137-97E9-4F5C-89AD-2D0BFC44D85F}.Release|Any CPU.Build.0 = Release|Any CPU
	EndGlobalSection
	GlobalSection(SolutionProperties) = preSolution
		HideSolutionNode = FALSE
	EndGlobalSection
	GlobalSection(ExtensibilityGlobals) = postSolution
		SolutionGuid = {33F54A54-E55D-474E-8B86-9936AA3842D1}
	EndGlobalSection
EndGlobal
